
Microsoft Visual Studio Solution File, Format Version 12.00
# Visual Studio Version 16
VisualStudioVersion = 16.0.30907.101
MinimumVisualStudioVersion = 10.0.40219.1
Project("{FAE04EC0-301F-11D3-BF4B-00C04F79EFBC}") = "TMS.Net07.Homework3.High.TextCalculator", "TMS.Net07.Homework3.High.TextCalculator\TMS.Net07.Homework3.High.TextCalculator.csproj", "{8ABE0F3E-049B-4A2B-8F55-2C7BFFA52828}"
EndProject
Global
	GlobalSection(SolutionConfigurationPlatforms) = preSolution
		Debug|Any CPU = Debug|Any CPU
		Release|Any CPU = Release|Any CPU
	EndGlobalSection
	GlobalSection(ProjectConfigurationPlatforms) = postSolution
		{8ABE0F3E-049B-4A2B-8F55-2C7BFFA52828}.Debug|Any CPU.ActiveCfg = Debug|Any CPU
		{8ABE0F3E-049B-4A2B-8F55-2C7BFFA52828}.Debug|Any CPU.Build.0 = Debug|Any CPU
		{8ABE0F3E-049B-4A2B-8F55-2C7BFFA52828}.Release|Any CPU.ActiveCfg = Release|Any CPU
		{8ABE0F3E-049B-4A2B-8F55-2C7BFFA52828}.Release|Any CPU.Build.0 = Release|Any CPU
	EndGlobalSection
	GlobalSection(SolutionProperties) = preSolution
		HideSolutionNode = FALSE
	EndGlobalSection
	GlobalSection(ExtensibilityGlobals) = postSolution
		SolutionGuid = {76F980D2-825C-407E-BE7F-44CF236F6F05}
	EndGlobalSection
EndGlobal
